
Microsoft Visual Studio Solution File, Format Version 12.00
Project("{FAE04EC0-301F-11D3-BF4B-00C04F79EFBC}") = "ExpenseSplitter.AppHost", "ExpenseSplitter.AppHost\ExpenseSplitter.AppHost.csproj", "{23355DC2-1183-48F2-A957-58A1F2FEB253}"
EndProject
Project("{FAE04EC0-301F-11D3-BF4B-00C04F79EFBC}") = "ExpenseSplitter.ServiceDefaults", "ExpenseSplitter.ServiceDefaults\ExpenseSplitter.ServiceDefaults.csproj", "{46EE9A7E-D41A-4C10-BD9F-3FAFBC4BA966}"
EndProject
Project("{FAE04EC0-301F-11D3-BF4B-00C04F79EFBC}") = "ExpenseSplitter.Shared", "ExpenseSplitter.Shared\ExpenseSplitter.Shared.csproj", "{AC2BF496-6EF7-4006-AB26-EFBD46C77820}"
EndProject
Project("{FAE04EC0-301F-11D3-BF4B-00C04F79EFBC}") = "ExpenseSplitter.API", "ExpenseSplitter.API\ExpenseSplitter.API.csproj", "{3546D8E0-7111-4E05-81A5-732499CA47BE}"
EndProject
Project("{FAE04EC0-301F-11D3-BF4B-00C04F79EFBC}") = "ExpenseSplitter.Domain", "ExpenseSplitter.Domain\ExpenseSplitter.Domain.csproj", "{322A1A27-A463-4590-9AEF-90EA4EB6EC64}"
EndProject
Project("{FAE04EC0-301F-11D3-BF4B-00C04F79EFBC}") = "ExpenseSplitter.Infrastructure", "ExpenseSplitter.Infrastructure\ExpenseSplitter.Infrastructure.csproj", "{A1BF4B7B-D8B7-4A86-B279-52A59910C03C}"
EndProject
Global
	GlobalSection(SolutionConfigurationPlatforms) = preSolution
		Debug|Any CPU = Debug|Any CPU
		Debug|x64 = Debug|x64
		Debug|x86 = Debug|x86
		Release|Any CPU = Release|Any CPU
		Release|x64 = Release|x64
		Release|x86 = Release|x86
	EndGlobalSection
	GlobalSection(ProjectConfigurationPlatforms) = postSolution
		{23355DC2-1183-48F2-A957-58A1F2FEB253}.Debug|Any CPU.ActiveCfg = Debug|Any CPU
		{23355DC2-1183-48F2-A957-58A1F2FEB253}.Debug|Any CPU.Build.0 = Debug|Any CPU
		{23355DC2-1183-48F2-A957-58A1F2FEB253}.Debug|x64.ActiveCfg = Debug|Any CPU
		{23355DC2-1183-48F2-A957-58A1F2FEB253}.Debug|x64.Build.0 = Debug|Any CPU
		{23355DC2-1183-48F2-A957-58A1F2FEB253}.Debug|x86.ActiveCfg = Debug|Any CPU
		{23355DC2-1183-48F2-A957-58A1F2FEB253}.Debug|x86.Build.0 = Debug|Any CPU
		{23355DC2-1183-48F2-A957-58A1F2FEB253}.Release|Any CPU.ActiveCfg = Release|Any CPU
		{23355DC2-1183-48F2-A957-58A1F2FEB253}.Release|Any CPU.Build.0 = Release|Any CPU
		{23355DC2-1183-48F2-A957-58A1F2FEB253}.Release|x64.ActiveCfg = Release|Any CPU
		{23355DC2-1183-48F2-A957-58A1F2FEB253}.Release|x64.Build.0 = Release|Any CPU
		{23355DC2-1183-48F2-A957-58A1F2FEB253}.Release|x86.ActiveCfg = Release|Any CPU
		{23355DC2-1183-48F2-A957-58A1F2FEB253}.Release|x86.Build.0 = Release|Any CPU
		{46EE9A7E-D41A-4C10-BD9F-3FAFBC4BA966}.Debug|Any CPU.ActiveCfg = Debug|Any CPU
		{46EE9A7E-D41A-4C10-BD9F-3FAFBC4BA966}.Debug|Any CPU.Build.0 = Debug|Any CPU
		{46EE9A7E-D41A-4C10-BD9F-3FAFBC4BA966}.Debug|x64.ActiveCfg = Debug|Any CPU
		{46EE9A7E-D41A-4C10-BD9F-3FAFBC4BA966}.Debug|x64.Build.0 = Debug|Any CPU
		{46EE9A7E-D41A-4C10-BD9F-3FAFBC4BA966}.Debug|x86.ActiveCfg = Debug|Any CPU
		{46EE9A7E-D41A-4C10-BD9F-3FAFBC4BA966}.Debug|x86.Build.0 = Debug|Any CPU
		{46EE9A7E-D41A-4C10-BD9F-3FAFBC4BA966}.Release|Any CPU.ActiveCfg = Release|Any CPU
		{46EE9A7E-D41A-4C10-BD9F-3FAFBC4BA966}.Release|Any CPU.Build.0 = Release|Any CPU
		{46EE9A7E-D41A-4C10-BD9F-3FAFBC4BA966}.Release|x64.ActiveCfg = Release|Any CPU
		{46EE9A7E-D41A-4C10-BD9F-3FAFBC4BA966}.Release|x64.Build.0 = Release|Any CPU
		{46EE9A7E-D41A-4C10-BD9F-3FAFBC4BA966}.Release|x86.ActiveCfg = Release|Any CPU
		{46EE9A7E-D41A-4C10-BD9F-3FAFBC4BA966}.Release|x86.Build.0 = Release|Any CPU
		{AC2BF496-6EF7-4006-AB26-EFBD46C77820}.Debug|Any CPU.ActiveCfg = Debug|Any CPU
		{AC2BF496-6EF7-4006-AB26-EFBD46C77820}.Debug|Any CPU.Build.0 = Debug|Any CPU
		{AC2BF496-6EF7-4006-AB26-EFBD46C77820}.Debug|x64.ActiveCfg = Debug|Any CPU
		{AC2BF496-6EF7-4006-AB26-EFBD46C77820}.Debug|x64.Build.0 = Debug|Any CPU
		{AC2BF496-6EF7-4006-AB26-EFBD46C77820}.Debug|x86.ActiveCfg = Debug|Any CPU
		{AC2BF496-6EF7-4006-AB26-EFBD46C77820}.Debug|x86.Build.0 = Debug|Any CPU
		{AC2BF496-6EF7-4006-AB26-EFBD46C77820}.Release|Any CPU.ActiveCfg = Release|Any CPU
		{AC2BF496-6EF7-4006-AB26-EFBD46C77820}.Release|Any CPU.Build.0 = Release|Any CPU
		{AC2BF496-6EF7-4006-AB26-EFBD46C77820}.Release|x64.ActiveCfg = Release|Any CPU
		{AC2BF496-6EF7-4006-AB26-EFBD46C77820}.Release|x64.Build.0 = Release|Any CPU
		{AC2BF496-6EF7-4006-AB26-EFBD46C77820}.Release|x86.ActiveCfg = Release|Any CPU
		{AC2BF496-6EF7-4006-AB26-EFBD46C77820}.Release|x86.Build.0 = Release|Any CPU
		{3546D8E0-7111-4E05-81A5-732499CA47BE}.Debug|Any CPU.ActiveCfg = Debug|Any CPU
		{3546D8E0-7111-4E05-81A5-732499CA47BE}.Debug|Any CPU.Build.0 = Debug|Any CPU
		{3546D8E0-7111-4E05-81A5-732499CA47BE}.Debug|x64.ActiveCfg = Debug|Any CPU
		{3546D8E0-7111-4E05-81A5-732499CA47BE}.Debug|x64.Build.0 = Debug|Any CPU
		{3546D8E0-7111-4E05-81A5-732499CA47BE}.Debug|x86.ActiveCfg = Debug|Any CPU
		{3546D8E0-7111-4E05-81A5-732499CA47BE}.Debug|x86.Build.0 = Debug|Any CPU
		{3546D8E0-7111-4E05-81A5-732499CA47BE}.Release|Any CPU.ActiveCfg = Release|Any CPU
		{3546D8E0-7111-4E05-81A5-732499CA47BE}.Release|Any CPU.Build.0 = Release|Any CPU
		{3546D8E0-7111-4E05-81A5-732499CA47BE}.Release|x64.ActiveCfg = Release|Any CPU
		{3546D8E0-7111-4E05-81A5-732499CA47BE}.Release|x64.Build.0 = Release|Any CPU
		{3546D8E0-7111-4E05-81A5-732499CA47BE}.Release|x86.ActiveCfg = Release|Any CPU
		{3546D8E0-7111-4E05-81A5-732499CA47BE}.Release|x86.Build.0 = Release|Any CPU
		{322A1A27-A463-4590-9AEF-90EA4EB6EC64}.Debug|Any CPU.ActiveCfg = Debug|Any CPU
		{322A1A27-A463-4590-9AEF-90EA4EB6EC64}.Debug|Any CPU.Build.0 = Debug|Any CPU
		{322A1A27-A463-4590-9AEF-90EA4EB6EC64}.Debug|x64.ActiveCfg = Debug|Any CPU
		{322A1A27-A463-4590-9AEF-90EA4EB6EC64}.Debug|x64.Build.0 = Debug|Any CPU
		{322A1A27-A463-4590-9AEF-90EA4EB6EC64}.Debug|x86.ActiveCfg = Debug|Any CPU
		{322A1A27-A463-4590-9AEF-90EA4EB6EC64}.Debug|x86.Build.0 = Debug|Any CPU
		{322A1A27-A463-4590-9AEF-90EA4EB6EC64}.Release|Any CPU.ActiveCfg = Release|Any CPU
		{322A1A27-A463-4590-9AEF-90EA4EB6EC64}.Release|Any CPU.Build.0 = Release|Any CPU
		{322A1A27-A463-4590-9AEF-90EA4EB6EC64}.Release|x64.ActiveCfg = Release|Any CPU
		{322A1A27-A463-4590-9AEF-90EA4EB6EC64}.Release|x64.Build.0 = Release|Any CPU
		{322A1A27-A463-4590-9AEF-90EA4EB6EC64}.Release|x86.ActiveCfg = Release|Any CPU
		{322A1A27-A463-4590-9AEF-90EA4EB6EC64}.Release|x86.Build.0 = Release|Any CPU
		{A1BF4B7B-D8B7-4A86-B279-52A59910C03C}.Debug|Any CPU.ActiveCfg = Debug|Any CPU
		{A1BF4B7B-D8B7-4A86-B279-52A59910C03C}.Debug|Any CPU.Build.0 = Debug|Any CPU
		{A1BF4B7B-D8B7-4A86-B279-52A59910C03C}.Debug|x64.ActiveCfg = Debug|Any CPU
		{A1BF4B7B-D8B7-4A86-B279-52A59910C03C}.Debug|x64.Build.0 = Debug|Any CPU
		{A1BF4B7B-D8B7-4A86-B279-52A59910C03C}.Debug|x86.ActiveCfg = Debug|Any CPU
		{A1BF4B7B-D8B7-4A86-B279-52A59910C03C}.Debug|x86.Build.0 = Debug|Any CPU
		{A1BF4B7B-D8B7-4A86-B279-52A59910C03C}.Release|Any CPU.ActiveCfg = Release|Any CPU
		{A1BF4B7B-D8B7-4A86-B279-52A59910C03C}.Release|Any CPU.Build.0 = Release|Any CPU
		{A1BF4B7B-D8B7-4A86-B279-52A59910C03C}.Release|x64.ActiveCfg = Release|Any CPU
		{A1BF4B7B-D8B7-4A86-B279-52A59910C03C}.Release|x64.Build.0 = Release|Any CPU
		{A1BF4B7B-D8B7-4A86-B279-52A59910C03C}.Release|x86.ActiveCfg = Release|Any CPU
		{A1BF4B7B-D8B7-4A86-B279-52A59910C03C}.Release|x86.Build.0 = Release|Any CPU
	EndGlobalSection
	GlobalSection(SolutionProperties) = preSolution
		HideSolutionNode = FALSE
	EndGlobalSection
EndGlobal
